
Microsoft Visual Studio Solution File, Format Version 12.00
# Visual Studio Version 17
VisualStudioVersion = 17.8.34511.84
MinimumVisualStudioVersion = 10.0.40219.1
Project("{9A19103F-16F7-4668-BE54-9A1E7A4F7556}") = "FastEndpointTest", "FastEndpointTest\FastEndpointTest.csproj", "{71356F20-E66F-4BA7-A01C-E7B9A0D2AAAF}"
EndProject
Global
	GlobalSection(SolutionConfigurationPlatforms) = preSolution
		Debug|Any CPU = Debug|Any CPU
		Release|Any CPU = Release|Any CPU
	EndGlobalSection
	GlobalSection(ProjectConfigurationPlatforms) = postSolution
		{71356F20-E66F-4BA7-A01C-E7B9A0D2AAAF}.Debug|Any CPU.ActiveCfg = Debug|Any CPU
		{71356F20-E66F-4BA7-A01C-E7B9A0D2AAAF}.Debug|Any CPU.Build.0 = Debug|Any CPU
		{71356F20-E66F-4BA7-A01C-E7B9A0D2AAAF}.Release|Any CPU.ActiveCfg = Release|Any CPU
		{71356F20-E66F-4BA7-A01C-E7B9A0D2AAAF}.Release|Any CPU.Build.0 = Release|Any CPU
	EndGlobalSection
	GlobalSection(SolutionProperties) = preSolution
		HideSolutionNode = FALSE
	EndGlobalSection
	GlobalSection(ExtensibilityGlobals) = postSolution
		SolutionGuid = {3307FF1C-04C2-4FC2-BCFC-09EF39F3E686}
	EndGlobalSection
EndGlobal
